// !$*UTF8*$!
{
	archiveVersion = 1;
	classes = {
	};
	objectVersion = 46;
	objects = {

/* Begin PBXBuildFile section */
		70A35F0A1F155CB700C60D84 /* AppDelegate.swift in Sources */ = {isa = PBXBuildFile; fileRef = 70A35F091F155CB700C60D84 /* AppDelegate.swift */; };
		70A35F0C1F155CB700C60D84 /* ViewController.swift in Sources */ = {isa = PBXBuildFile; fileRef = 70A35F0B1F155CB700C60D84 /* ViewController.swift */; };
		70A35F0F1F155CB700C60D84 /* Main.storyboard in Resources */ = {isa = PBXBuildFile; fileRef = 70A35F0D1F155CB700C60D84 /* Main.storyboard */; };
		70A35F111F155CB700C60D84 /* Assets.xcassets in Resources */ = {isa = PBXBuildFile; fileRef = 70A35F101F155CB700C60D84 /* Assets.xcassets */; };
		70A35F141F155CB700C60D84 /* LaunchScreen.storyboard in Resources */ = {isa = PBXBuildFile; fileRef = 70A35F121F155CB700C60D84 /* LaunchScreen.storyboard */; };
		70A35F1F1F155CB700C60D84 /* AlamofirePOCTests.swift in Sources */ = {isa = PBXBuildFile; fileRef = 70A35F1E1F155CB700C60D84 /* AlamofirePOCTests.swift */; };
		70A35F2A1F155CB700C60D84 /* AlamofirePOCUITests.swift in Sources */ = {isa = PBXBuildFile; fileRef = 70A35F291F155CB700C60D84 /* AlamofirePOCUITests.swift */; };
/* End PBXBuildFile section */

/* Begin PBXContainerItemProxy section */
		70A35F1B1F155CB700C60D84 /* PBXContainerItemProxy */ = {
			isa = PBXContainerItemProxy;
			containerPortal = 70A35EFE1F155CB700C60D84 /* Project object */;
			proxyType = 1;
			remoteGlobalIDString = 70A35F051F155CB700C60D84;
			remoteInfo = AlamofirePOC;
		};
		70A35F261F155CB700C60D84 /* PBXContainerItemProxy */ = {
			isa = PBXContainerItemProxy;
			containerPortal = 70A35EFE1F155CB700C60D84 /* Project object */;
			proxyType = 1;
			remoteGlobalIDString = 70A35F051F155CB700C60D84;
			remoteInfo = AlamofirePOC;
		};
/* End PBXContainerItemProxy section */

/* Begin PBXFileReference section */
		70A35F061F155CB700C60D84 /* AlamofirePOC.app */ = {isa = PBXFileReference; explicitFileType = wrapper.application; includeInIndex = 0; path = AlamofirePOC.app; sourceTree = BUILT_PRODUCTS_DIR; };
		70A35F091F155CB700C60D84 /* AppDelegate.swift */ = {isa = PBXFileReference; lastKnownFileType = sourcecode.swift; path = AppDelegate.swift; sourceTree = "<group>"; };
		70A35F0B1F155CB700C60D84 /* ViewController.swift */ = {isa = PBXFileReference; lastKnownFileType = sourcecode.swift; path = ViewController.swift; sourceTree = "<group>"; };
		70A35F0E1F155CB700C60D84 /* Base */ = {isa = PBXFileReference; lastKnownFileType = file.storyboard; name = Base; path = Base.lproj/Main.storyboard; sourceTree = "<group>"; };
		70A35F101F155CB700C60D84 /* Assets.xcassets */ = {isa = PBXFileReference; lastKnownFileType = folder.assetcatalog; path = Assets.xcassets; sourceTree = "<group>"; };
		70A35F131F155CB700C60D84 /* Base */ = {isa = PBXFileReference; lastKnownFileType = file.storyboard; name = Base; path = Base.lproj/LaunchScreen.storyboard; sourceTree = "<group>"; };
		70A35F151F155CB700C60D84 /* Info.plist */ = {isa = PBXFileReference; lastKnownFileType = text.plist.xml; path = Info.plist; sourceTree = "<group>"; };
		70A35F1A1F155CB700C60D84 /* AlamofirePOCTests.xctest */ = {isa = PBXFileReference; explicitFileType = wrapper.cfbundle; includeInIndex = 0; path = AlamofirePOCTests.xctest; sourceTree = BUILT_PRODUCTS_DIR; };
		70A35F1E1F155CB700C60D84 /* AlamofirePOCTests.swift */ = {isa = PBXFileReference; lastKnownFileType = sourcecode.swift; path = AlamofirePOCTests.swift; sourceTree = "<group>"; };
		70A35F201F155CB700C60D84 /* Info.plist */ = {isa = PBXFileReference; lastKnownFileType = text.plist.xml; path = Info.plist; sourceTree = "<group>"; };
		70A35F251F155CB700C60D84 /* AlamofirePOCUITests.xctest */ = {isa = PBXFileReference; explicitFileType = wrapper.cfbundle; includeInIndex = 0; path = AlamofirePOCUITests.xctest; sourceTree = BUILT_PRODUCTS_DIR; };
		70A35F291F155CB700C60D84 /* AlamofirePOCUITests.swift */ = {isa = PBXFileReference; lastKnownFileType = sourcecode.swift; path = AlamofirePOCUITests.swift; sourceTree = "<group>"; };
		70A35F2B1F155CB700C60D84 /* Info.plist */ = {isa = PBXFileReference; lastKnownFileType = text.plist.xml; path = Info.plist; sourceTree = "<group>"; };
/* End PBXFileReference section */

/* Begin PBXFrameworksBuildPhase section */
		70A35F031F155CB700C60D84 /* Frameworks */ = {
			isa = PBXFrameworksBuildPhase;
			buildActionMask = 2147483647;
			files = (
			);
			runOnlyForDeploymentPostprocessing = 0;
		};
		70A35F171F155CB700C60D84 /* Frameworks */ = {
			isa = PBXFrameworksBuildPhase;
			buildActionMask = 2147483647;
			files = (
			);
			runOnlyForDeploymentPostprocessing = 0;
		};
		70A35F221F155CB700C60D84 /* Frameworks */ = {
			isa = PBXFrameworksBuildPhase;
			buildActionMask = 2147483647;
			files = (
			);
			runOnlyForDeploymentPostprocessing = 0;
		};
/* End PBXFrameworksBuildPhase section */

/* Begin PBXGroup section */
		70A35EFD1F155CB700C60D84 = {
			isa = PBXGroup;
			children = (
				70A35F081F155CB700C60D84 /* AlamofirePOC */,
				70A35F1D1F155CB700C60D84 /* AlamofirePOCTests */,
				70A35F281F155CB700C60D84 /* AlamofirePOCUITests */,
				70A35F071F155CB700C60D84 /* Products */,
			);
			sourceTree = "<group>";
		};
		70A35F071F155CB700C60D84 /* Products */ = {
			isa = PBXGroup;
			children = (
				70A35F061F155CB700C60D84 /* AlamofirePOC.app */,
				70A35F1A1F155CB700C60D84 /* AlamofirePOCTests.xctest */,
				70A35F251F155CB700C60D84 /* AlamofirePOCUITests.xctest */,
			);
			name = Products;
			sourceTree = "<group>";
		};
		70A35F081F155CB700C60D84 /* AlamofirePOC */ = {
			isa = PBXGroup;
			children = (
				70A35F091F155CB700C60D84 /* AppDelegate.swift */,
				70A35F0B1F155CB700C60D84 /* ViewController.swift */,
				70A35F0D1F155CB700C60D84 /* Main.storyboard */,
				70A35F101F155CB700C60D84 /* Assets.xcassets */,
				70A35F121F155CB700C60D84 /* LaunchScreen.storyboard */,
				70A35F151F155CB700C60D84 /* Info.plist */,
			);
			path = AlamofirePOC;
			sourceTree = "<group>";
		};
		70A35F1D1F155CB700C60D84 /* AlamofirePOCTests */ = {
			isa = PBXGroup;
			children = (
				70A35F1E1F155CB700C60D84 /* AlamofirePOCTests.swift */,
				70A35F201F155CB700C60D84 /* Info.plist */,
			);
			path = AlamofirePOCTests;
			sourceTree = "<group>";
		};
		70A35F281F155CB700C60D84 /* AlamofirePOCUITests */ = {
			isa = PBXGroup;
			children = (
				70A35F291F155CB700C60D84 /* AlamofirePOCUITests.swift */,
				70A35F2B1F155CB700C60D84 /* Info.plist */,
			);
			path = AlamofirePOCUITests;
			sourceTree = "<group>";
		};
/* End PBXGroup section */

/* Begin PBXNativeTarget section */
		70A35F051F155CB700C60D84 /* AlamofirePOC */ = {
			isa = PBXNativeTarget;
			buildConfigurationList = 70A35F2E1F155CB700C60D84 /* Build configuration list for PBXNativeTarget "AlamofirePOC" */;
			buildPhases = (
				70A35F021F155CB700C60D84 /* Sources */,
				70A35F031F155CB700C60D84 /* Frameworks */,
				70A35F041F155CB700C60D84 /* Resources */,
			);
			buildRules = (
			);
			dependencies = (
			);
			name = AlamofirePOC;
			productName = AlamofirePOC;
			productReference = 70A35F061F155CB700C60D84 /* AlamofirePOC.app */;
			productType = "com.apple.product-type.application";
		};
		70A35F191F155CB700C60D84 /* AlamofirePOCTests */ = {
			isa = PBXNativeTarget;
			buildConfigurationList = 70A35F311F155CB700C60D84 /* Build configuration list for PBXNativeTarget "AlamofirePOCTests" */;
			buildPhases = (
				70A35F161F155CB700C60D84 /* Sources */,
				70A35F171F155CB700C60D84 /* Frameworks */,
				70A35F181F155CB700C60D84 /* Resources */,
			);
			buildRules = (
			);
			dependencies = (
				70A35F1C1F155CB700C60D84 /* PBXTargetDependency */,
			);
			name = AlamofirePOCTests;
			productName = AlamofirePOCTests;
			productReference = 70A35F1A1F155CB700C60D84 /* AlamofirePOCTests.xctest */;
			productType = "com.apple.product-type.bundle.unit-test";
		};
		70A35F241F155CB700C60D84 /* AlamofirePOCUITests */ = {
			isa = PBXNativeTarget;
			buildConfigurationList = 70A35F341F155CB700C60D84 /* Build configuration list for PBXNativeTarget "AlamofirePOCUITests" */;
			buildPhases = (
				70A35F211F155CB700C60D84 /* Sources */,
				70A35F221F155CB700C60D84 /* Frameworks */,
				70A35F231F155CB700C60D84 /* Resources */,
			);
			buildRules = (
			);
			dependencies = (
				70A35F271F155CB700C60D84 /* PBXTargetDependency */,
			);
			name = AlamofirePOCUITests;
			productName = AlamofirePOCUITests;
			productReference = 70A35F251F155CB700C60D84 /* AlamofirePOCUITests.xctest */;
			productType = "com.apple.product-type.bundle.ui-testing";
		};
/* End PBXNativeTarget section */

/* Begin PBXProject section */
		70A35EFE1F155CB700C60D84 /* Project object */ = {
			isa = PBXProject;
			attributes = {
				LastSwiftUpdateCheck = 0830;
				LastUpgradeCheck = 0830;
				ORGANIZATIONNAME = "Alejandro Rodriguez";
				TargetAttributes = {
					70A35F051F155CB700C60D84 = {
						CreatedOnToolsVersion = 8.3.2;
						ProvisioningStyle = Automatic;
					};
					70A35F191F155CB700C60D84 = {
						CreatedOnToolsVersion = 8.3.2;
						ProvisioningStyle = Automatic;
						TestTargetID = 70A35F051F155CB700C60D84;
					};
					70A35F241F155CB700C60D84 = {
						CreatedOnToolsVersion = 8.3.2;
						ProvisioningStyle = Automatic;
						TestTargetID = 70A35F051F155CB700C60D84;
					};
				};
			};
			buildConfigurationList = 70A35F011F155CB700C60D84 /* Build configuration list for PBXProject "AlamofirePOC" */;
			compatibilityVersion = "Xcode 3.2";
			developmentRegion = English;
			hasScannedForEncodings = 0;
			knownRegions = (
				en,
				Base,
			);
			mainGroup = 70A35EFD1F155CB700C60D84;
			productRefGroup = 70A35F071F155CB700C60D84 /* Products */;
			projectDirPath = "";
			projectRoot = "";
			targets = (
				70A35F051F155CB700C60D84 /* AlamofirePOC */,
				70A35F191F155CB700C60D84 /* AlamofirePOCTests */,
				70A35F241F155CB700C60D84 /* AlamofirePOCUITests */,
			);
		};
/* End PBXProject section */

/* Begin PBXResourcesBuildPhase section */
		70A35F041F155CB700C60D84 /* Resources */ = {
			isa = PBXResourcesBuildPhase;
			buildActionMask = 2147483647;
			files = (
				70A35F141F155CB700C60D84 /* LaunchScreen.storyboard in Resources */,
				70A35F111F155CB700C60D84 /* Assets.xcassets in Resources */,
				70A35F0F1F155CB700C60D84 /* Main.storyboard in Resources */,
			);
			runOnlyForDeploymentPostprocessing = 0;
		};
		70A35F181F155CB700C60D84 /* Resources */ = {
			isa = PBXResourcesBuildPhase;
			buildActionMask = 2147483647;
			files = (
			);
			runOnlyForDeploymentPostprocessing = 0;
		};
		70A35F231F155CB700C60D84 /* Resources */ = {
			isa = PBXResourcesBuildPhase;
			buildActionMask = 2147483647;
			files = (
			);
			runOnlyForDeploymentPostprocessing = 0;
		};
/* End PBXResourcesBuildPhase section */

/* Begin PBXSourcesBuildPhase section */
		70A35F021F155CB700C60D84 /* Sources */ = {
			isa = PBXSourcesBuildPhase;
			buildActionMask = 2147483647;
			files = (
				70A35F0C1F155CB700C60D84 /* ViewController.swift in Sources */,
				70A35F0A1F155CB700C60D84 /* AppDelegate.swift in Sources */,
			);
			runOnlyForDeploymentPostprocessing = 0;
		};
		70A35F161F155CB700C60D84 /* Sources */ = {
			isa = PBXSourcesBuildPhase;
			buildActionMask = 2147483647;
			files = (
				70A35F1F1F155CB700C60D84 /* AlamofirePOCTests.swift in Sources */,
			);
			runOnlyForDeploymentPostprocessing = 0;
		};
		70A35F211F155CB700C60D84 /* Sources */ = {
			isa = PBXSourcesBuildPhase;
			buildActionMask = 2147483647;
			files = (
				70A35F2A1F155CB700C60D84 /* AlamofirePOCUITests.swift in Sources */,
			);
			runOnlyForDeploymentPostprocessing = 0;
		};
/* End PBXSourcesBuildPhase section */

/* Begin PBXTargetDependency section */
		70A35F1C1F155CB700C60D84 /* PBXTargetDependency */ = {
			isa = PBXTargetDependency;
			target = 70A35F051F155CB700C60D84 /* AlamofirePOC */;
			targetProxy = 70A35F1B1F155CB700C60D84 /* PBXContainerItemProxy */;
		};
		70A35F271F155CB700C60D84 /* PBXTargetDependency */ = {
			isa = PBXTargetDependency;
			target = 70A35F051F155CB700C60D84 /* AlamofirePOC */;
			targetProxy = 70A35F261F155CB700C60D84 /* PBXContainerItemProxy */;
		};
/* End PBXTargetDependency section */

/* Begin PBXVariantGroup section */
		70A35F0D1F155CB700C60D84 /* Main.storyboard */ = {
			isa = PBXVariantGroup;
			children = (
				70A35F0E1F155CB700C60D84 /* Base */,
			);
			name = Main.storyboard;
			sourceTree = "<group>";
		};
		70A35F121F155CB700C60D84 /* LaunchScreen.storyboard */ = {
			isa = PBXVariantGroup;
			children = (
				70A35F131F155CB700C60D84 /* Base */,
			);
			name = LaunchScreen.storyboard;
			sourceTree = "<group>";
		};
/* End PBXVariantGroup section */

/* Begin XCBuildConfiguration section */
		70A35F2C1F155CB700C60D84 /* Debug */ = {
			isa = XCBuildConfiguration;
			buildSettings = {
				ALWAYS_SEARCH_USER_PATHS = NO;
				CLANG_ANALYZER_NONNULL = YES;
				CLANG_ANALYZER_NUMBER_OBJECT_CONVERSION = YES_AGGRESSIVE;
				CLANG_CXX_LANGUAGE_STANDARD = "gnu++0x";
				CLANG_CXX_LIBRARY = "libc++";
				CLANG_ENABLE_MODULES = YES;
				CLANG_ENABLE_OBJC_ARC = YES;
				CLANG_WARN_BOOL_CONVERSION = YES;
				CLANG_WARN_CONSTANT_CONVERSION = YES;
				CLANG_WARN_DIRECT_OBJC_ISA_USAGE = YES_ERROR;
				CLANG_WARN_DOCUMENTATION_COMMENTS = YES;
				CLANG_WARN_EMPTY_BODY = YES;
				CLANG_WARN_ENUM_CONVERSION = YES;
				CLANG_WARN_INFINITE_RECURSION = YES;
				CLANG_WARN_INT_CONVERSION = YES;
				CLANG_WARN_OBJC_ROOT_CLASS = YES_ERROR;
				CLANG_WARN_SUSPICIOUS_MOVE = YES;
				CLANG_WARN_UNREACHABLE_CODE = YES;
				CLANG_WARN__DUPLICATE_METHOD_MATCH = YES;
				"CODE_SIGN_IDENTITY[sdk=iphoneos*]" = "iPhone Developer";
				COPY_PHASE_STRIP = NO;
				DEBUG_INFORMATION_FORMAT = dwarf;
				ENABLE_STRICT_OBJC_MSGSEND = YES;
				ENABLE_TESTABILITY = YES;
				GCC_C_LANGUAGE_STANDARD = gnu99;
				GCC_DYNAMIC_NO_PIC = NO;
				GCC_NO_COMMON_BLOCKS = YES;
				GCC_OPTIMIZATION_LEVEL = 0;
				GCC_PREPROCESSOR_DEFINITIONS = (
					"DEBUG=1",
					"$(inherited)",
				);
				GCC_WARN_64_TO_32_BIT_CONVERSION = YES;
				GCC_WARN_ABOUT_RETURN_TYPE = YES_ERROR;
				GCC_WARN_UNDECLARED_SELECTOR = YES;
				GCC_WARN_UNINITIALIZED_AUTOS = YES_AGGRESSIVE;
				GCC_WARN_UNUSED_FUNCTION = YES;
				GCC_WARN_UNUSED_VARIABLE = YES;
				IPHONEOS_DEPLOYMENT_TARGET = 10.3;
				MTL_ENABLE_DEBUG_INFO = YES;
				ONLY_ACTIVE_ARCH = YES;
				SDKROOT = iphoneos;
				SWIFT_ACTIVE_COMPILATION_CONDITIONS = DEBUG;
				SWIFT_OPTIMIZATION_LEVEL = "-Onone";
			};
			name = Debug;
		};
		70A35F2D1F155CB700C60D84 /* Release */ = {
			isa = XCBuildConfiguration;
			buildSettings = {
				ALWAYS_SEARCH_USER_PATHS = NO;
				CLANG_ANALYZER_NONNULL = YES;
				CLANG_ANALYZER_NUMBER_OBJECT_CONVERSION = YES_AGGRESSIVE;
				CLANG_CXX_LANGUAGE_STANDARD = "gnu++0x";
				CLANG_CXX_LIBRARY = "libc++";
				CLANG_ENABLE_MODULES = YES;
				CLANG_ENABLE_OBJC_ARC = YES;
				CLANG_WARN_BOOL_CONVERSION = YES;
				CLANG_WARN_CONSTANT_CONVERSION = YES;
				CLANG_WARN_DIRECT_OBJC_ISA_USAGE = YES_ERROR;
				CLANG_WARN_DOCUMENTATION_COMMENTS = YES;
				CLANG_WARN_EMPTY_BODY = YES;
				CLANG_WARN_ENUM_CONVERSION = YES;
				CLANG_WARN_INFINITE_RECURSION = YES;
				CLANG_WARN_INT_CONVERSION = YES;
				CLANG_WARN_OBJC_ROOT_CLASS = YES_ERROR;
				CLANG_WARN_SUSPICIOUS_MOVE = YES;
				CLANG_WARN_UNREACHABLE_CODE = YES;
				CLANG_WARN__DUPLICATE_METHOD_MATCH = YES;
				"CODE_SIGN_IDENTITY[sdk=iphoneos*]" = "iPhone Developer";
				COPY_PHASE_STRIP = NO;
				DEBUG_INFORMATION_FORMAT = "dwarf-with-dsym";
				ENABLE_NS_ASSERTIONS = NO;
				ENABLE_STRICT_OBJC_MSGSEND = YES;
				GCC_C_LANGUAGE_STANDARD = gnu99;
				GCC_NO_COMMON_BLOCKS = YES;
				GCC_WARN_64_TO_32_BIT_CONVERSION = YES;
				GCC_WARN_ABOUT_RETURN_TYPE = YES_ERROR;
				GCC_WARN_UNDECLARED_SELECTOR = YES;
				GCC_WARN_UNINITIALIZED_AUTOS = YES_AGGRESSIVE;
				GCC_WARN_UNUSED_FUNCTION = YES;
				GCC_WARN_UNUSED_VARIABLE = YES;
				IPHONEOS_DEPLOYMENT_TARGET = 10.3;
				MTL_ENABLE_DEBUG_INFO = NO;
				SDKROOT = iphoneos;
				SWIFT_OPTIMIZATION_LEVEL = "-Owholemodule";
				VALIDATE_PRODUCT = YES;
			};
			name = Release;
		};
		70A35F2F1F155CB700C60D84 /* Debug */ = {
			isa = XCBuildConfiguration;
			buildSettings = {
				ASSETCATALOG_COMPILER_APPICON_NAME = AppIcon;
				INFOPLIST_FILE = AlamofirePOC/Info.plist;
				LD_RUNPATH_SEARCH_PATHS = "$(inherited) @executable_path/Frameworks";
				PRODUCT_BUNDLE_IDENTIFIER = GLB.AlamofirePOC;
				PRODUCT_NAME = "$(TARGET_NAME)";
				SWIFT_VERSION = 3.0;
			};
			name = Debug;
		};
		70A35F301F155CB700C60D84 /* Release */ = {
			isa = XCBuildConfiguration;
			buildSettings = {
				ASSETCATALOG_COMPILER_APPICON_NAME = AppIcon;
				INFOPLIST_FILE = AlamofirePOC/Info.plist;
				LD_RUNPATH_SEARCH_PATHS = "$(inherited) @executable_path/Frameworks";
				PRODUCT_BUNDLE_IDENTIFIER = GLB.AlamofirePOC;
				PRODUCT_NAME = "$(TARGET_NAME)";
				SWIFT_VERSION = 3.0;
			};
			name = Release;
		};
		70A35F321F155CB700C60D84 /* Debug */ = {
			isa = XCBuildConfiguration;
			buildSettings = {
				ALWAYS_EMBED_SWIFT_STANDARD_LIBRARIES = YES;
				BUNDLE_LOADER = "$(TEST_HOST)";
				INFOPLIST_FILE = AlamofirePOCTests/Info.plist;
				LD_RUNPATH_SEARCH_PATHS = "$(inherited) @executable_path/Frameworks @loader_path/Frameworks";
				PRODUCT_BUNDLE_IDENTIFIER = GLB.AlamofirePOCTests;
				PRODUCT_NAME = "$(TARGET_NAME)";
				SWIFT_VERSION = 3.0;
				TEST_HOST = "$(BUILT_PRODUCTS_DIR)/AlamofirePOC.app/AlamofirePOC";
			};
			name = Debug;
		};
		70A35F331F155CB700C60D84 /* Release */ = {
			isa = XCBuildConfiguration;
			buildSettings = {
				ALWAYS_EMBED_SWIFT_STANDARD_LIBRARIES = YES;
				BUNDLE_LOADER = "$(TEST_HOST)";
				INFOPLIST_FILE = AlamofirePOCTests/Info.plist;
				LD_RUNPATH_SEARCH_PATHS = "$(inherited) @executable_path/Frameworks @loader_path/Frameworks";
				PRODUCT_BUNDLE_IDENTIFIER = GLB.AlamofirePOCTests;
				PRODUCT_NAME = "$(TARGET_NAME)";
				SWIFT_VERSION = 3.0;
				TEST_HOST = "$(BUILT_PRODUCTS_DIR)/AlamofirePOC.app/AlamofirePOC";
			};
			name = Release;
		};
		70A35F351F155CB700C60D84 /* Debug */ = {
			isa = XCBuildConfiguration;
			buildSettings = {
				ALWAYS_EMBED_SWIFT_STANDARD_LIBRARIES = YES;
				INFOPLIST_FILE = AlamofirePOCUITests/Info.plist;
				LD_RUNPATH_SEARCH_PATHS = "$(inherited) @executable_path/Frameworks @loader_path/Frameworks";
				PRODUCT_BUNDLE_IDENTIFIER = GLB.AlamofirePOCUITests;
				PRODUCT_NAME = "$(TARGET_NAME)";
				SWIFT_VERSION = 3.0;
				TEST_TARGET_NAME = AlamofirePOC;
			};
			name = Debug;
		};
		70A35F361F155CB700C60D84 /* Release */ = {
			isa = XCBuildConfiguration;
			buildSettings = {
				ALWAYS_EMBED_SWIFT_STANDARD_LIBRARIES = YES;
				INFOPLIST_FILE = AlamofirePOCUITests/Info.plist;
				LD_RUNPATH_SEARCH_PATHS = "$(inherited) @executable_path/Frameworks @loader_path/Frameworks";
				PRODUCT_BUNDLE_IDENTIFIER = GLB.AlamofirePOCUITests;
				PRODUCT_NAME = "$(TARGET_NAME)";
				SWIFT_VERSION = 3.0;
				TEST_TARGET_NAME = AlamofirePOC;
			};
			name = Release;
		};
/* End XCBuildConfiguration section */

/* Begin XCConfigurationList section */
		70A35F011F155CB700C60D84 /* Build configuration list for PBXProject "AlamofirePOC" */ = {
			isa = XCConfigurationList;
			buildConfigurations = (
				70A35F2C1F155CB700C60D84 /* Debug */,
				70A35F2D1F155CB700C60D84 /* Release */,
			);
			defaultConfigurationIsVisible = 0;
			defaultConfigurationName = Release;
		};
		70A35F2E1F155CB700C60D84 /* Build configuration list for PBXNativeTarget "AlamofirePOC" */ = {
			isa = XCConfigurationList;
			buildConfigurations = (
				70A35F2F1F155CB700C60D84 /* Debug */,
				70A35F301F155CB700C60D84 /* Release */,
			);
			defaultConfigurationIsVisible = 0;
		};
		70A35F311F155CB700C60D84 /* Build configuration list for PBXNativeTarget "AlamofirePOCTests" */ = {
			isa = XCConfigurationList;
			buildConfigurations = (
				70A35F321F155CB700C60D84 /* Debug */,
				70A35F331F155CB700C60D84 /* Release */,
			);
			defaultConfigurationIsVisible = 0;
		};
		70A35F341F155CB700C60D84 /* Build configuration list for PBXNativeTarget "AlamofirePOCUITests" */ = {
			isa = XCConfigurationList;
			buildConfigurations = (
				70A35F351F155CB700C60D84 /* Debug */,
				70A35F361F155CB700C60D84 /* Release */,
			);
			defaultConfigurationIsVisible = 0;
		};
/* End XCConfigurationList section */
	};
	rootObject = 70A35EFE1F155CB700C60D84 /* Project object */;
}
